// !$*UTF8*$!
{
	archiveVersion = 1;
	classes = {
	};
	objectVersion = 46;
	objects = {

/* Begin PBXBuildFile section */
		2F2634CB1D04C43A00D31C13 /* A.framework in Frameworks */ = {isa = PBXBuildFile; fileRef = 2F2634CA1D04C43A00D31C13 /* A.framework */; };
		DB51F49B1D03D81B0087EB77 /* B.h in Headers */ = {isa = PBXBuildFile; fileRef = DB51F49A1D03D81B0087EB77 /* B.h */; settings = {ATTRIBUTES = (Public, ); }; };
		DB51F4A21D03D81B0087EB77 /* B.framework in Frameworks */ = {isa = PBXBuildFile; fileRef = DB51F4971D03D81B0087EB77 /* B.framework */; };
		DB51F4A71D03D81B0087EB77 /* BTests.m in Sources */ = {isa = PBXBuildFile; fileRef = DB51F4A61D03D81B0087EB77 /* BTests.m */; };
		DB51F4B31D03D8330087EB77 /* BB.h in Headers */ = {isa = PBXBuildFile; fileRef = DB51F4B11D03D8330087EB77 /* BB.h */; settings = {ATTRIBUTES = (Public, ); }; };
		DB51F4B41D03D8330087EB77 /* BB.m in Sources */ = {isa = PBXBuildFile; fileRef = DB51F4B21D03D8330087EB77 /* BB.m */; };
/* End PBXBuildFile section */

/* Begin PBXContainerItemProxy section */
		DB51F4A31D03D81B0087EB77 /* PBXContainerItemProxy */ = {
			isa = PBXContainerItemProxy;
			containerPortal = DB51F48E1D03D81B0087EB77 /* Project object */;
			proxyType = 1;
			remoteGlobalIDString = DB51F4961D03D81B0087EB77;
			remoteInfo = B;
		};
/* End PBXContainerItemProxy section */

/* Begin PBXFileReference section */
		2F2634CA1D04C43A00D31C13 /* A.framework */ = {isa = PBXFileReference; lastKnownFileType = wrapper.framework; name = A.framework; path = "../../../Library/Developer/Xcode/DerivedData/B-fifyiogaslkoywabiirbcgfdnbfz/Build/Products/Debug-iphonesimulator/A.framework"; sourceTree = "<group>"; };
		DB51F4971D03D81B0087EB77 /* B.framework */ = {isa = PBXFileReference; explicitFileType = wrapper.framework; includeInIndex = 0; path = B.framework; sourceTree = BUILT_PRODUCTS_DIR; };
		DB51F49A1D03D81B0087EB77 /* B.h */ = {isa = PBXFileReference; lastKnownFileType = sourcecode.c.h; path = B.h; sourceTree = "<group>"; };
		DB51F49C1D03D81B0087EB77 /* Info.plist */ = {isa = PBXFileReference; lastKnownFileType = text.plist.xml; path = Info.plist; sourceTree = "<group>"; };
		DB51F4A11D03D81B0087EB77 /* BTests.xctest */ = {isa = PBXFileReference; explicitFileType = wrapper.cfbundle; includeInIndex = 0; path = BTests.xctest; sourceTree = BUILT_PRODUCTS_DIR; };
		DB51F4A61D03D81B0087EB77 /* BTests.m */ = {isa = PBXFileReference; lastKnownFileType = sourcecode.c.objc; path = BTests.m; sourceTree = "<group>"; };
		DB51F4A81D03D81B0087EB77 /* Info.plist */ = {isa = PBXFileReference; lastKnownFileType = text.plist.xml; path = Info.plist; sourceTree = "<group>"; };
		DB51F4B11D03D8330087EB77 /* BB.h */ = {isa = PBXFileReference; fileEncoding = 4; lastKnownFileType = sourcecode.c.h; path = BB.h; sourceTree = "<group>"; };
		DB51F4B21D03D8330087EB77 /* BB.m */ = {isa = PBXFileReference; fileEncoding = 4; lastKnownFileType = sourcecode.c.objc; path = BB.m; sourceTree = "<group>"; };
/* End PBXFileReference section */

/* Begin PBXFrameworksBuildPhase section */
		DB51F4931D03D81B0087EB77 /* Frameworks */ = {
			isa = PBXFrameworksBuildPhase;
			buildActionMask = 2147483647;
			files = (
				2F2634CB1D04C43A00D31C13 /* A.framework in Frameworks */,
			);
			runOnlyForDeploymentPostprocessing = 0;
		};
		DB51F49E1D03D81B0087EB77 /* Frameworks */ = {
			isa = PBXFrameworksBuildPhase;
			buildActionMask = 2147483647;
			files = (
				DB51F4A21D03D81B0087EB77 /* B.framework in Frameworks */,
			);
			runOnlyForDeploymentPostprocessing = 0;
		};
/* End PBXFrameworksBuildPhase section */

/* Begin PBXGroup section */
		DB51F48D1D03D81B0087EB77 = {
			isa = PBXGroup;
			children = (
				DB51F4F51D03DAD60087EB77 /* Dependency */,
				DB51F4991D03D81B0087EB77 /* B */,
				DB51F4A51D03D81B0087EB77 /* BTests */,
				DB51F4981D03D81B0087EB77 /* Products */,
			);
			sourceTree = "<group>";
		};
		DB51F4981D03D81B0087EB77 /* Products */ = {
			isa = PBXGroup;
			children = (
				DB51F4971D03D81B0087EB77 /* B.framework */,
				DB51F4A11D03D81B0087EB77 /* BTests.xctest */,
			);
			name = Products;
			sourceTree = "<group>";
		};
		DB51F4991D03D81B0087EB77 /* B */ = {
			isa = PBXGroup;
			children = (
				DB51F49A1D03D81B0087EB77 /* B.h */,
				DB51F4B11D03D8330087EB77 /* BB.h */,
				DB51F4B21D03D8330087EB77 /* BB.m */,
				DB51F49C1D03D81B0087EB77 /* Info.plist */,
			);
			path = B;
			sourceTree = "<group>";
		};
		DB51F4A51D03D81B0087EB77 /* BTests */ = {
			isa = PBXGroup;
			children = (
				DB51F4A61D03D81B0087EB77 /* BTests.m */,
				DB51F4A81D03D81B0087EB77 /* Info.plist */,
			);
			path = BTests;
			sourceTree = "<group>";
		};
		DB51F4F51D03DAD60087EB77 /* Dependency */ = {
			isa = PBXGroup;
			children = (
				2F2634CA1D04C43A00D31C13 /* A.framework */,
			);
			name = Dependency;
			sourceTree = "<group>";
		};
/* End PBXGroup section */

/* Begin PBXHeadersBuildPhase section */
		DB51F4941D03D81B0087EB77 /* Headers */ = {
			isa = PBXHeadersBuildPhase;
			buildActionMask = 2147483647;
			files = (
				DB51F4B31D03D8330087EB77 /* BB.h in Headers */,
				DB51F49B1D03D81B0087EB77 /* B.h in Headers */,
			);
			runOnlyForDeploymentPostprocessing = 0;
		};
/* End PBXHeadersBuildPhase section */

/* Begin PBXNativeTarget section */
		DB51F4961D03D81B0087EB77 /* B */ = {
			isa = PBXNativeTarget;
			buildConfigurationList = DB51F4AB1D03D81B0087EB77 /* Build configuration list for PBXNativeTarget "B" */;
			buildPhases = (
				DB51F4921D03D81B0087EB77 /* Sources */,
				DB51F4931D03D81B0087EB77 /* Frameworks */,
				DB51F4941D03D81B0087EB77 /* Headers */,
				DB51F4951D03D81B0087EB77 /* Resources */,
			);
			buildRules = (
			);
			dependencies = (
			);
			name = B;
			productName = B;
			productReference = DB51F4971D03D81B0087EB77 /* B.framework */;
			productType = "com.apple.product-type.framework";
		};
		DB51F4A01D03D81B0087EB77 /* BTests */ = {
			isa = PBXNativeTarget;
			buildConfigurationList = DB51F4AE1D03D81B0087EB77 /* Build configuration list for PBXNativeTarget "BTests" */;
			buildPhases = (
				DB51F49D1D03D81B0087EB77 /* Sources */,
				DB51F49E1D03D81B0087EB77 /* Frameworks */,
				DB51F49F1D03D81B0087EB77 /* Resources */,
			);
			buildRules = (
			);
			dependencies = (
				DB51F4A41D03D81B0087EB77 /* PBXTargetDependency */,
			);
			name = BTests;
			productName = BTests;
			productReference = DB51F4A11D03D81B0087EB77 /* BTests.xctest */;
			productType = "com.apple.product-type.bundle.unit-test";
		};
/* End PBXNativeTarget section */

/* Begin PBXProject section */
		DB51F48E1D03D81B0087EB77 /* Project object */ = {
			isa = PBXProject;
			attributes = {
				LastUpgradeCheck = 0730;
				ORGANIZATIONNAME = "Ho, Derrick";
				TargetAttributes = {
					DB51F4961D03D81B0087EB77 = {
						CreatedOnToolsVersion = 7.3.1;
					};
					DB51F4A01D03D81B0087EB77 = {
						CreatedOnToolsVersion = 7.3.1;
					};
				};
			};
			buildConfigurationList = DB51F4911D03D81B0087EB77 /* Build configuration list for PBXProject "B" */;
			compatibilityVersion = "Xcode 3.2";
			developmentRegion = English;
			hasScannedForEncodings = 0;
			knownRegions = (
				en,
			);
			mainGroup = DB51F48D1D03D81B0087EB77;
			productRefGroup = DB51F4981D03D81B0087EB77 /* Products */;
			projectDirPath = "";
			projectRoot = "";
			targets = (
				DB51F4961D03D81B0087EB77 /* B */,
				DB51F4A01D03D81B0087EB77 /* BTests */,
			);
		};
/* End PBXProject section */

/* Begin PBXResourcesBuildPhase section */
		DB51F4951D03D81B0087EB77 /* Resources */ = {
			isa = PBXResourcesBuildPhase;
			buildActionMask = 2147483647;
			files = (
			);
			runOnlyForDeploymentPostprocessing = 0;
		};
		DB51F49F1D03D81B0087EB77 /* Resources */ = {
			isa = PBXResourcesBuildPhase;
			buildActionMask = 2147483647;
			files = (
			);
			runOnlyForDeploymentPostprocessing = 0;
		};
/* End PBXResourcesBuildPhase section */

/* Begin PBXSourcesBuildPhase section */
		DB51F4921D03D81B0087EB77 /* Sources */ = {
			isa = PBXSourcesBuildPhase;
			buildActionMask = 2147483647;
			files = (
				DB51F4B41D03D8330087EB77 /* BB.m in Sources */,
			);
			runOnlyForDeploymentPostprocessing = 0;
		};
		DB51F49D1D03D81B0087EB77 /* Sources */ = {
			isa = PBXSourcesBuildPhase;
			buildActionMask = 2147483647;
			files = (
				DB51F4A71D03D81B0087EB77 /* BTests.m in Sources */,
			);
			runOnlyForDeploymentPostprocessing = 0;
		};
/* End PBXSourcesBuildPhase section */

/* Begin PBXTargetDependency section */
		DB51F4A41D03D81B0087EB77 /* PBXTargetDependency */ = {
			isa = PBXTargetDependency;
			target = DB51F4961D03D81B0087EB77 /* B */;
			targetProxy = DB51F4A31D03D81B0087EB77 /* PBXContainerItemProxy */;
		};
/* End PBXTargetDependency section */

/* Begin XCBuildConfiguration section */
		DB51F4A91D03D81B0087EB77 /* Debug */ = {
			isa = XCBuildConfiguration;
			buildSettings = {
				ALWAYS_SEARCH_USER_PATHS = NO;
				CLANG_ANALYZER_NONNULL = YES;
				CLANG_CXX_LANGUAGE_STANDARD = "gnu++0x";
				CLANG_CXX_LIBRARY = "libc++";
				CLANG_ENABLE_MODULES = YES;
				CLANG_ENABLE_OBJC_ARC = YES;
				CLANG_WARN_BOOL_CONVERSION = YES;
				CLANG_WARN_CONSTANT_CONVERSION = YES;
				CLANG_WARN_DIRECT_OBJC_ISA_USAGE = YES_ERROR;
				CLANG_WARN_EMPTY_BODY = YES;
				CLANG_WARN_ENUM_CONVERSION = YES;
				CLANG_WARN_INT_CONVERSION = YES;
				CLANG_WARN_OBJC_ROOT_CLASS = YES_ERROR;
				CLANG_WARN_UNREACHABLE_CODE = YES;
				CLANG_WARN__DUPLICATE_METHOD_MATCH = YES;
				"CODE_SIGN_IDENTITY[sdk=iphoneos*]" = "iPhone Developer";
				COPY_PHASE_STRIP = NO;
				CURRENT_PROJECT_VERSION = 1;
				DEBUG_INFORMATION_FORMAT = dwarf;
				ENABLE_STRICT_OBJC_MSGSEND = YES;
				ENABLE_TESTABILITY = YES;
				GCC_C_LANGUAGE_STANDARD = gnu99;
				GCC_DYNAMIC_NO_PIC = NO;
				GCC_NO_COMMON_BLOCKS = YES;
				GCC_OPTIMIZATION_LEVEL = 0;
				GCC_PREPROCESSOR_DEFINITIONS = (
					"DEBUG=1",
					"$(inherited)",
				);
				GCC_WARN_64_TO_32_BIT_CONVERSION = YES;
				GCC_WARN_ABOUT_RETURN_TYPE = YES_ERROR;
				GCC_WARN_UNDECLARED_SELECTOR = YES;
				GCC_WARN_UNINITIALIZED_AUTOS = YES_AGGRESSIVE;
				GCC_WARN_UNUSED_FUNCTION = YES;
				GCC_WARN_UNUSED_VARIABLE = YES;
				IPHONEOS_DEPLOYMENT_TARGET = 9.3;
				MTL_ENABLE_DEBUG_INFO = YES;
				ONLY_ACTIVE_ARCH = YES;
				SDKROOT = iphoneos;
				TARGETED_DEVICE_FAMILY = "1,2";
				VERSIONING_SYSTEM = "apple-generic";
				VERSION_INFO_PREFIX = "";
			};
			name = Debug;
		};
		DB51F4AA1D03D81B0087EB77 /* Release */ = {
			isa = XCBuildConfiguration;
			buildSettings = {
				ALWAYS_SEARCH_USER_PATHS = NO;
				CLANG_ANALYZER_NONNULL = YES;
				CLANG_CXX_LANGUAGE_STANDARD = "gnu++0x";
				CLANG_CXX_LIBRARY = "libc++";
				CLANG_ENABLE_MODULES = YES;
				CLANG_ENABLE_OBJC_ARC = YES;
				CLANG_WARN_BOOL_CONVERSION = YES;
				CLANG_WARN_CONSTANT_CONVERSION = YES;
				CLANG_WARN_DIRECT_OBJC_ISA_USAGE = YES_ERROR;
				CLANG_WARN_EMPTY_BODY = YES;
				CLANG_WARN_ENUM_CONVERSION = YES;
				CLANG_WARN_INT_CONVERSION = YES;
				CLANG_WARN_OBJC_ROOT_CLASS = YES_ERROR;
				CLANG_WARN_UNREACHABLE_CODE = YES;
				CLANG_WARN__DUPLICATE_METHOD_MATCH = YES;
				"CODE_SIGN_IDENTITY[sdk=iphoneos*]" = "iPhone Developer";
				COPY_PHASE_STRIP = NO;
				CURRENT_PROJECT_VERSION = 1;
				DEBUG_INFORMATION_FORMAT = "dwarf-with-dsym";
				ENABLE_NS_ASSERTIONS = NO;
				ENABLE_STRICT_OBJC_MSGSEND = YES;
				GCC_C_LANGUAGE_STANDARD = gnu99;
				GCC_NO_COMMON_BLOCKS = YES;
				GCC_WARN_64_TO_32_BIT_CONVERSION = YES;
				GCC_WARN_ABOUT_RETURN_TYPE = YES_ERROR;
				GCC_WARN_UNDECLARED_SELECTOR = YES;
				GCC_WARN_UNINITIALIZED_AUTOS = YES_AGGRESSIVE;
				GCC_WARN_UNUSED_FUNCTION = YES;
				GCC_WARN_UNUSED_VARIABLE = YES;
				IPHONEOS_DEPLOYMENT_TARGET = 9.3;
				MTL_ENABLE_DEBUG_INFO = NO;
				SDKROOT = iphoneos;
				TARGETED_DEVICE_FAMILY = "1,2";
				VALIDATE_PRODUCT = YES;
				VERSIONING_SYSTEM = "apple-generic";
				VERSION_INFO_PREFIX = "";
			};
			name = Release;
		};
		DB51F4AC1D03D81B0087EB77 /* Debug */ = {
			isa = XCBuildConfiguration;
			buildSettings = {
				DEFINES_MODULE = YES;
				DYLIB_COMPATIBILITY_VERSION = 1;
				DYLIB_CURRENT_VERSION = 1;
				DYLIB_INSTALL_NAME_BASE = "@rpath";
				FRAMEWORK_SEARCH_PATHS = (
					"$(inherited)",
					"$(PROJECT_DIR)/A/build/Debug-iphoneos",
				);
				INFOPLIST_FILE = B/Info.plist;
				INSTALL_PATH = "$(LOCAL_LIBRARY_DIR)/Frameworks";
				LD_RUNPATH_SEARCH_PATHS = "$(inherited) @executable_path/Frameworks @loader_path/Frameworks";
				PRODUCT_BUNDLE_IDENTIFIER = WebMD.B;
				PRODUCT_NAME = "$(TARGET_NAME)";
				SKIP_INSTALL = YES;
			};
			name = Debug;
		};
		DB51F4AD1D03D81B0087EB77 /* Release */ = {
			isa = XCBuildConfiguration;
			buildSettings = {
				DEFINES_MODULE = YES;
				DYLIB_COMPATIBILITY_VERSION = 1;
				DYLIB_CURRENT_VERSION = 1;
				DYLIB_INSTALL_NAME_BASE = "@rpath";
				FRAMEWORK_SEARCH_PATHS = (
					"$(inherited)",
					"$(PROJECT_DIR)/A/build/Debug-iphoneos",
				);
				INFOPLIST_FILE = B/Info.plist;
				INSTALL_PATH = "$(LOCAL_LIBRARY_DIR)/Frameworks";
				LD_RUNPATH_SEARCH_PATHS = "$(inherited) @executable_path/Frameworks @loader_path/Frameworks";
				PRODUCT_BUNDLE_IDENTIFIER = WebMD.B;
				PRODUCT_NAME = "$(TARGET_NAME)";
				SKIP_INSTALL = YES;
			};
			name = Release;
		};
		DB51F4AF1D03D81B0087EB77 /* Debug */ = {
			isa = XCBuildConfiguration;
			buildSettings = {
				INFOPLIST_FILE = BTests/Info.plist;
				LD_RUNPATH_SEARCH_PATHS = "$(inherited) @executable_path/Frameworks @loader_path/Frameworks";
				PRODUCT_BUNDLE_IDENTIFIER = WebMD.BTests;
				PRODUCT_NAME = "$(TARGET_NAME)";
			};
			name = Debug;
		};
		DB51F4B01D03D81B0087EB77 /* Release */ = {
			isa = XCBuildConfiguration;
			buildSettings = {
				INFOPLIST_FILE = BTests/Info.plist;
				LD_RUNPATH_SEARCH_PATHS = "$(inherited) @executable_path/Frameworks @loader_path/Frameworks";
				PRODUCT_BUNDLE_IDENTIFIER = WebMD.BTests;
				PRODUCT_NAME = "$(TARGET_NAME)";
			};
			name = Release;
		};
/* End XCBuildConfiguration section */

/* Begin XCConfigurationList section */
		DB51F4911D03D81B0087EB77 /* Build configuration list for PBXProject "B" */ = {
			isa = XCConfigurationList;
			buildConfigurations = (
				DB51F4A91D03D81B0087EB77 /* Debug */,
				DB51F4AA1D03D81B0087EB77 /* Release */,
			);
			defaultConfigurationIsVisible = 0;
			defaultConfigurationName = Release;
		};
		DB51F4AB1D03D81B0087EB77 /* Build configuration list for PBXNativeTarget "B" */ = {
			isa = XCConfigurationList;
			buildConfigurations = (
				DB51F4AC1D03D81B0087EB77 /* Debug */,
				DB51F4AD1D03D81B0087EB77 /* Release */,
			);
			defaultConfigurationIsVisible = 0;
			defaultConfigurationName = Release;
		};
		DB51F4AE1D03D81B0087EB77 /* Build configuration list for PBXNativeTarget "BTests" */ = {
			isa = XCConfigurationList;
			buildConfigurations = (
				DB51F4AF1D03D81B0087EB77 /* Debug */,
				DB51F4B01D03D81B0087EB77 /* Release */,
			);
			defaultConfigurationIsVisible = 0;
			defaultConfigurationName = Release;
		};
/* End XCConfigurationList section */
	};
	rootObject = DB51F48E1D03D81B0087EB77 /* Project object */;
}
